// !$*UTF8*$!
{
	archiveVersion = 1;
	classes = {
	};
	objectVersion = 56;
	objects = {

/* Begin PBXBuildFile section */
		029EC6CA9B95591A8FDED52C /* Pods_TactileMap.framework in Frameworks */ = {isa = PBXBuildFile; fileRef = 794FCFBF6C9E380A67D8C47C /* Pods_TactileMap.framework */; };
		147927BA2ABD70C500D8AB30 /* MapInfoDataStore.swift in Sources */ = {isa = PBXBuildFile; fileRef = 147927B92ABD70C500D8AB30 /* MapInfoDataStore.swift */; };
		149CC0162AA9A0CA0019A771 /* ErrorHandlerService.swift in Sources */ = {isa = PBXBuildFile; fileRef = 149CC0152AA9A0CA0019A771 /* ErrorHandlerService.swift */; };
		14AFC57F2AC158CB00F251D3 /* Map_小吃部.json in Resources */ = {isa = PBXBuildFile; fileRef = 14AFC57B2AC158CB00F251D3 /* Map_小吃部.json */; };
		14AFC5802AC158CB00F251D3 /* AllMapsInfomation.json in Resources */ = {isa = PBXBuildFile; fileRef = 14AFC57C2AC158CB00F251D3 /* AllMapsInfomation.json */; };
		14AFC5812AC158CB00F251D3 /* AllMapsInfomationExample.json in Resources */ = {isa = PBXBuildFile; fileRef = 14AFC57D2AC158CB00F251D3 /* AllMapsInfomationExample.json */; };
		14AFC5822AC158CB00F251D3 /* Map_台達館一樓.json in Resources */ = {isa = PBXBuildFile; fileRef = 14AFC57E2AC158CB00F251D3 /* Map_台達館一樓.json */; };
		14BFEDDB2AAEE70E005DD6FB /* FavoriteMapDataService.swift in Sources */ = {isa = PBXBuildFile; fileRef = 14BFEDDA2AAEE70E005DD6FB /* FavoriteMapDataService.swift */; };
		14BFEDDD2AAEE71F005DD6FB /* CoreDataService.swift in Sources */ = {isa = PBXBuildFile; fileRef = 14BFEDDC2AAEE71F005DD6FB /* CoreDataService.swift */; };
		14C18AFA2A9DE534004FF809 /* HomepageContainerCoordinator.swift in Sources */ = {isa = PBXBuildFile; fileRef = 14C18AF92A9DE534004FF809 /* HomepageContainerCoordinator.swift */; };
		14C18AFF2A9ECA0A004FF809 /* MapInfoListCollectionViewCoordinator.swift in Sources */ = {isa = PBXBuildFile; fileRef = 14C18AFE2A9ECA0A004FF809 /* MapInfoListCollectionViewCoordinator.swift */; };
		14C18B042A9ED2CB004FF809 /* TactileMapPageViewController.swift in Sources */ = {isa = PBXBuildFile; fileRef = 14C18B022A9ED2CB004FF809 /* TactileMapPageViewController.swift */; };
		14C18B052A9ED2CB004FF809 /* TactileMapPageViewController.xib in Resources */ = {isa = PBXBuildFile; fileRef = 14C18B032A9ED2CB004FF809 /* TactileMapPageViewController.xib */; };
		14C18B082A9ED2D9004FF809 /* PathTrainingPageViewController.swift in Sources */ = {isa = PBXBuildFile; fileRef = 14C18B062A9ED2D9004FF809 /* PathTrainingPageViewController.swift */; };
		14C18B092A9ED2D9004FF809 /* PathTrainingPageViewController.xib in Resources */ = {isa = PBXBuildFile; fileRef = 14C18B072A9ED2D9004FF809 /* PathTrainingPageViewController.xib */; };
		14C18B0B2A9ED2F7004FF809 /* TactileMapPageViewModel.swift in Sources */ = {isa = PBXBuildFile; fileRef = 14C18B0A2A9ED2F7004FF809 /* TactileMapPageViewModel.swift */; };
		14C18B0D2A9ED405004FF809 /* TactileMapGridCellView.swift in Sources */ = {isa = PBXBuildFile; fileRef = 14C18B0C2A9ED405004FF809 /* TactileMapGridCellView.swift */; };
		14C18B0F2A9EDC76004FF809 /* HomepageCoordinator.swift in Sources */ = {isa = PBXBuildFile; fileRef = 14C18B0E2A9EDC76004FF809 /* HomepageCoordinator.swift */; };
		14C18B112A9F1824004FF809 /* TactileMapGridModel.swift in Sources */ = {isa = PBXBuildFile; fileRef = 14C18B102A9F1824004FF809 /* TactileMapGridModel.swift */; };
		14C18B132A9F1C3B004FF809 /* TactileMapGridViewModel.swift in Sources */ = {isa = PBXBuildFile; fileRef = 14C18B122A9F1C3B004FF809 /* TactileMapGridViewModel.swift */; };
		14C18B162A9F226E004FF809 /* TouchMapView.swift in Sources */ = {isa = PBXBuildFile; fileRef = 14C18B152A9F226E004FF809 /* TouchMapView.swift */; };
		14C18B192A9F2771004FF809 /* AVSpeechSynthesizerService.swift in Sources */ = {isa = PBXBuildFile; fileRef = 14C18B182A9F2771004FF809 /* AVSpeechSynthesizerService.swift */; };
		14C18B1B2A9F2DCF004FF809 /* MapDetailCoordinator.swift in Sources */ = {isa = PBXBuildFile; fileRef = 14C18B1A2A9F2DCF004FF809 /* MapDetailCoordinator.swift */; };
		14C18B1F2A9F3892004FF809 /* MapDetailSideMenuViewController.swift in Sources */ = {isa = PBXBuildFile; fileRef = 14C18B1D2A9F3892004FF809 /* MapDetailSideMenuViewController.swift */; };
		14C18B202A9F3892004FF809 /* MapDetailSideMenuViewController.xib in Resources */ = {isa = PBXBuildFile; fileRef = 14C18B1E2A9F3892004FF809 /* MapDetailSideMenuViewController.xib */; };
		14C18B282AA02005004FF809 /* PathTrainingView.swift in Sources */ = {isa = PBXBuildFile; fileRef = 14C18B262AA02005004FF809 /* PathTrainingView.swift */; };
		14C18B292AA02005004FF809 /* PathTrainingGridCellView.swift in Sources */ = {isa = PBXBuildFile; fileRef = 14C18B272AA02005004FF809 /* PathTrainingGridCellView.swift */; };
		14C18B2D2AA044C2004FF809 /* UIView+Toast.swift in Sources */ = {isa = PBXBuildFile; fileRef = 14C18B2C2AA044C2004FF809 /* UIView+Toast.swift */; };
		14C18B2F2AA06049004FF809 /* UIColor+.swift in Sources */ = {isa = PBXBuildFile; fileRef = 14C18B2E2AA06049004FF809 /* UIColor+.swift */; };
		14C18B312AA06A0C004FF809 /* AudioPlayerService.swift in Sources */ = {isa = PBXBuildFile; fileRef = 14C18B302AA06A0C004FF809 /* AudioPlayerService.swift */; };
		14C18B342AA06B2E004FF809 /* start.mp3 in Resources */ = {isa = PBXBuildFile; fileRef = 14C18B332AA06B2E004FF809 /* start.mp3 */; };
		14C18B392AA0726C004FF809 /* end.mp3 in Resources */ = {isa = PBXBuildFile; fileRef = 14C18B382AA0726C004FF809 /* end.mp3 */; };
		14C18B3C2AA07C01004FF809 /* DegreeDirectionHelper.swift in Sources */ = {isa = PBXBuildFile; fileRef = 14C18B3B2AA07C01004FF809 /* DegreeDirectionHelper.swift */; };
		14C18B3E2AA089C2004FF809 /* SoundEffectConstant.swift in Sources */ = {isa = PBXBuildFile; fileRef = 14C18B3D2AA089C2004FF809 /* SoundEffectConstant.swift */; };
		14E1D5882AA6DF2500582EC7 /* MapColorSet.swift in Sources */ = {isa = PBXBuildFile; fileRef = 14E1D5872AA6DF2500582EC7 /* MapColorSet.swift */; };
		14EB6BFD2A933DB3006990BE /* AppDelegate.swift in Sources */ = {isa = PBXBuildFile; fileRef = 14EB6BFC2A933DB3006990BE /* AppDelegate.swift */; };
		14EB6BFF2A933DB3006990BE /* SceneDelegate.swift in Sources */ = {isa = PBXBuildFile; fileRef = 14EB6BFE2A933DB3006990BE /* SceneDelegate.swift */; };
		14EB6C012A933DB3006990BE /* AppMainCoordinator.swift in Sources */ = {isa = PBXBuildFile; fileRef = 14EB6C002A933DB3006990BE /* AppMainCoordinator.swift */; };
		14EB6C072A933DB3006990BE /* TactileMap.xcdatamodeld in Sources */ = {isa = PBXBuildFile; fileRef = 14EB6C052A933DB3006990BE /* TactileMap.xcdatamodeld */; };
		14EB6C092A933DB4006990BE /* Assets.xcassets in Resources */ = {isa = PBXBuildFile; fileRef = 14EB6C082A933DB4006990BE /* Assets.xcassets */; };
		14EB6C0C2A933DB4006990BE /* LaunchScreen.storyboard in Resources */ = {isa = PBXBuildFile; fileRef = 14EB6C0A2A933DB4006990BE /* LaunchScreen.storyboard */; };
		14EB6C172A933DB4006990BE /* TactileMapTests.swift in Sources */ = {isa = PBXBuildFile; fileRef = 14EB6C162A933DB4006990BE /* TactileMapTests.swift */; };
		14EB6C212A933DB4006990BE /* TactileMapUITests.swift in Sources */ = {isa = PBXBuildFile; fileRef = 14EB6C202A933DB4006990BE /* TactileMapUITests.swift */; };
		14EB6C232A933DB4006990BE /* TactileMapUITestsLaunchTests.swift in Sources */ = {isa = PBXBuildFile; fileRef = 14EB6C222A933DB4006990BE /* TactileMapUITestsLaunchTests.swift */; };
		14EB6C3F2A95D0A0006990BE /* Coordinator.swift in Sources */ = {isa = PBXBuildFile; fileRef = 14EB6C3E2A95D0A0006990BE /* Coordinator.swift */; };
		14EB6C472A95D3E0006990BE /* HomepageContainerViewController.swift in Sources */ = {isa = PBXBuildFile; fileRef = 14EB6C452A95D3E0006990BE /* HomepageContainerViewController.swift */; };
		14EB6C482A95D3E0006990BE /* HomepageContainerViewController.xib in Resources */ = {isa = PBXBuildFile; fileRef = 14EB6C462A95D3E0006990BE /* HomepageContainerViewController.xib */; };
		14EB6C4B2A95D579006990BE /* HomepageViewController.swift in Sources */ = {isa = PBXBuildFile; fileRef = 14EB6C492A95D579006990BE /* HomepageViewController.swift */; };
		14EB6C4C2A95D579006990BE /* HomepageViewController.xib in Resources */ = {isa = PBXBuildFile; fileRef = 14EB6C4A2A95D579006990BE /* HomepageViewController.xib */; };
		14EB6C4F2A95D583006990BE /* MyMapViewController.swift in Sources */ = {isa = PBXBuildFile; fileRef = 14EB6C4D2A95D583006990BE /* MyMapViewController.swift */; };
		14EB6C502A95D583006990BE /* MyMapViewController.xib in Resources */ = {isa = PBXBuildFile; fileRef = 14EB6C4E2A95D583006990BE /* MyMapViewController.xib */; };
		14EB6C572A95D5A6006990BE /* PersonalViewController.swift in Sources */ = {isa = PBXBuildFile; fileRef = 14EB6C552A95D5A6006990BE /* PersonalViewController.swift */; };
		14EB6C582A95D5A6006990BE /* PersonalViewController.xib in Resources */ = {isa = PBXBuildFile; fileRef = 14EB6C562A95D5A6006990BE /* PersonalViewController.xib */; };
		14EB6C5A2A95D5EB006990BE /* UIView+Nib.swift in Sources */ = {isa = PBXBuildFile; fileRef = 14EB6C592A95D5EB006990BE /* UIView+Nib.swift */; };
		14EB6C5F2A95E591006990BE /* SingleMapInfoCellView.swift in Sources */ = {isa = PBXBuildFile; fileRef = 14EB6C5E2A95E591006990BE /* SingleMapInfoCellView.swift */; };
		14EB6C612A95E59C006990BE /* SingleMapInfoCellView.xib in Resources */ = {isa = PBXBuildFile; fileRef = 14EB6C602A95E59C006990BE /* SingleMapInfoCellView.xib */; };
		14EB6C632A95F266006990BE /* MapInfoListCollectionView.swift in Sources */ = {isa = PBXBuildFile; fileRef = 14EB6C622A95F266006990BE /* MapInfoListCollectionView.swift */; };
		14EB6C652A95F26F006990BE /* MapInfoListCollectionView.xib in Resources */ = {isa = PBXBuildFile; fileRef = 14EB6C642A95F26F006990BE /* MapInfoListCollectionView.xib */; };
		14EB6C672A95F324006990BE /* MapInfoModel.swift in Sources */ = {isa = PBXBuildFile; fileRef = 14EB6C662A95F324006990BE /* MapInfoModel.swift */; };
		14EB6C6B2A96003E006990BE /* HomePageMapInfoTableViewCell.swift in Sources */ = {isa = PBXBuildFile; fileRef = 14EB6C692A96003E006990BE /* HomePageMapInfoTableViewCell.swift */; };
		14EB6C6C2A96003E006990BE /* HomePageMapInfoTableViewCell.xib in Resources */ = {isa = PBXBuildFile; fileRef = 14EB6C6A2A96003E006990BE /* HomePageMapInfoTableViewCell.xib */; };
		14EB6C742A9891EF006990BE /* FileService.swift in Sources */ = {isa = PBXBuildFile; fileRef = 14EB6C732A9891EF006990BE /* FileService.swift */; };
		2ADD09802A9F7173004C14CD /* MapDetailSideMenuViewModel.swift in Sources */ = {isa = PBXBuildFile; fileRef = 2ADD097F2A9F7173004C14CD /* MapDetailSideMenuViewModel.swift */; };
		2AE86B0B2A9F831900F1FCEA /* PathTrainingPageViewModel.swift in Sources */ = {isa = PBXBuildFile; fileRef = 2AE86B0A2A9F831900F1FCEA /* PathTrainingPageViewModel.swift */; };
		9E838E69D2138FAB50C42D3F /* Pods_TactileMap_TactileMapUITests.framework in Frameworks */ = {isa = PBXBuildFile; fileRef = F322D48531325E8171EF9A66 /* Pods_TactileMap_TactileMapUITests.framework */; };
		BB862D2197F387EAF79A069F /* Pods_TactileMapTests.framework in Frameworks */ = {isa = PBXBuildFile; fileRef = CFB5C0467ACC29891CE111BF /* Pods_TactileMapTests.framework */; };
/* End PBXBuildFile section */

/* Begin PBXContainerItemProxy section */
		14EB6C132A933DB4006990BE /* PBXContainerItemProxy */ = {
			isa = PBXContainerItemProxy;
			containerPortal = 14EB6BF12A933DB2006990BE /* Project object */;
			proxyType = 1;
			remoteGlobalIDString = 14EB6BF82A933DB2006990BE;
			remoteInfo = TactileMap;
		};
		14EB6C1D2A933DB4006990BE /* PBXContainerItemProxy */ = {
			isa = PBXContainerItemProxy;
			containerPortal = 14EB6BF12A933DB2006990BE /* Project object */;
			proxyType = 1;
			remoteGlobalIDString = 14EB6BF82A933DB2006990BE;
			remoteInfo = TactileMap;
		};
/* End PBXContainerItemProxy section */

/* Begin PBXFileReference section */
		147927B92ABD70C500D8AB30 /* MapInfoDataStore.swift */ = {isa = PBXFileReference; lastKnownFileType = sourcecode.swift; path = MapInfoDataStore.swift; sourceTree = "<group>"; };
		149CC0152AA9A0CA0019A771 /* ErrorHandlerService.swift */ = {isa = PBXFileReference; lastKnownFileType = sourcecode.swift; path = ErrorHandlerService.swift; sourceTree = "<group>"; };
		14AFC57B2AC158CB00F251D3 /* Map_小吃部.json */ = {isa = PBXFileReference; fileEncoding = 4; lastKnownFileType = text.json; path = "Map_小吃部.json"; sourceTree = "<group>"; };
		14AFC57C2AC158CB00F251D3 /* AllMapsInfomation.json */ = {isa = PBXFileReference; fileEncoding = 4; lastKnownFileType = text.json; path = AllMapsInfomation.json; sourceTree = "<group>"; };
		14AFC57D2AC158CB00F251D3 /* AllMapsInfomationExample.json */ = {isa = PBXFileReference; fileEncoding = 4; lastKnownFileType = text.json; path = AllMapsInfomationExample.json; sourceTree = "<group>"; };
		14AFC57E2AC158CB00F251D3 /* Map_台達館一樓.json */ = {isa = PBXFileReference; fileEncoding = 4; lastKnownFileType = text.json; path = "Map_台達館一樓.json"; sourceTree = "<group>"; };
		14BFEDDA2AAEE70E005DD6FB /* FavoriteMapDataService.swift */ = {isa = PBXFileReference; lastKnownFileType = sourcecode.swift; path = FavoriteMapDataService.swift; sourceTree = "<group>"; };
		14BFEDDC2AAEE71F005DD6FB /* CoreDataService.swift */ = {isa = PBXFileReference; lastKnownFileType = sourcecode.swift; path = CoreDataService.swift; sourceTree = "<group>"; };
		14C18AF92A9DE534004FF809 /* HomepageContainerCoordinator.swift */ = {isa = PBXFileReference; lastKnownFileType = sourcecode.swift; path = HomepageContainerCoordinator.swift; sourceTree = "<group>"; };
		14C18AFE2A9ECA0A004FF809 /* MapInfoListCollectionViewCoordinator.swift */ = {isa = PBXFileReference; lastKnownFileType = sourcecode.swift; path = MapInfoListCollectionViewCoordinator.swift; sourceTree = "<group>"; };
		14C18B022A9ED2CB004FF809 /* TactileMapPageViewController.swift */ = {isa = PBXFileReference; lastKnownFileType = sourcecode.swift; path = TactileMapPageViewController.swift; sourceTree = "<group>"; };
		14C18B032A9ED2CB004FF809 /* TactileMapPageViewController.xib */ = {isa = PBXFileReference; lastKnownFileType = file.xib; path = TactileMapPageViewController.xib; sourceTree = "<group>"; };
		14C18B062A9ED2D9004FF809 /* PathTrainingPageViewController.swift */ = {isa = PBXFileReference; lastKnownFileType = sourcecode.swift; path = PathTrainingPageViewController.swift; sourceTree = "<group>"; };
		14C18B072A9ED2D9004FF809 /* PathTrainingPageViewController.xib */ = {isa = PBXFileReference; lastKnownFileType = file.xib; path = PathTrainingPageViewController.xib; sourceTree = "<group>"; };
		14C18B0A2A9ED2F7004FF809 /* TactileMapPageViewModel.swift */ = {isa = PBXFileReference; lastKnownFileType = sourcecode.swift; path = TactileMapPageViewModel.swift; sourceTree = "<group>"; };
		14C18B0C2A9ED405004FF809 /* TactileMapGridCellView.swift */ = {isa = PBXFileReference; lastKnownFileType = sourcecode.swift; path = TactileMapGridCellView.swift; sourceTree = "<group>"; };
		14C18B0E2A9EDC76004FF809 /* HomepageCoordinator.swift */ = {isa = PBXFileReference; lastKnownFileType = sourcecode.swift; path = HomepageCoordinator.swift; sourceTree = "<group>"; };
		14C18B102A9F1824004FF809 /* TactileMapGridModel.swift */ = {isa = PBXFileReference; lastKnownFileType = sourcecode.swift; path = TactileMapGridModel.swift; sourceTree = "<group>"; };
		14C18B122A9F1C3B004FF809 /* TactileMapGridViewModel.swift */ = {isa = PBXFileReference; lastKnownFileType = sourcecode.swift; path = TactileMapGridViewModel.swift; sourceTree = "<group>"; };
		14C18B152A9F226E004FF809 /* TouchMapView.swift */ = {isa = PBXFileReference; lastKnownFileType = sourcecode.swift; path = TouchMapView.swift; sourceTree = "<group>"; };
		14C18B182A9F2771004FF809 /* AVSpeechSynthesizerService.swift */ = {isa = PBXFileReference; lastKnownFileType = sourcecode.swift; path = AVSpeechSynthesizerService.swift; sourceTree = "<group>"; };
		14C18B1A2A9F2DCF004FF809 /* MapDetailCoordinator.swift */ = {isa = PBXFileReference; lastKnownFileType = sourcecode.swift; path = MapDetailCoordinator.swift; sourceTree = "<group>"; };
		14C18B1D2A9F3892004FF809 /* MapDetailSideMenuViewController.swift */ = {isa = PBXFileReference; lastKnownFileType = sourcecode.swift; path = MapDetailSideMenuViewController.swift; sourceTree = "<group>"; };
		14C18B1E2A9F3892004FF809 /* MapDetailSideMenuViewController.xib */ = {isa = PBXFileReference; lastKnownFileType = file.xib; path = MapDetailSideMenuViewController.xib; sourceTree = "<group>"; };
		14C18B262AA02005004FF809 /* PathTrainingView.swift */ = {isa = PBXFileReference; fileEncoding = 4; lastKnownFileType = sourcecode.swift; path = PathTrainingView.swift; sourceTree = "<group>"; };
		14C18B272AA02005004FF809 /* PathTrainingGridCellView.swift */ = {isa = PBXFileReference; fileEncoding = 4; lastKnownFileType = sourcecode.swift; path = PathTrainingGridCellView.swift; sourceTree = "<group>"; };
		14C18B2C2AA044C2004FF809 /* UIView+Toast.swift */ = {isa = PBXFileReference; fileEncoding = 4; lastKnownFileType = sourcecode.swift; path = "UIView+Toast.swift"; sourceTree = "<group>"; };
		14C18B2E2AA06049004FF809 /* UIColor+.swift */ = {isa = PBXFileReference; lastKnownFileType = sourcecode.swift; path = "UIColor+.swift"; sourceTree = "<group>"; };
		14C18B302AA06A0C004FF809 /* AudioPlayerService.swift */ = {isa = PBXFileReference; lastKnownFileType = sourcecode.swift; path = AudioPlayerService.swift; sourceTree = "<group>"; };
		14C18B332AA06B2E004FF809 /* start.mp3 */ = {isa = PBXFileReference; lastKnownFileType = audio.mp3; path = start.mp3; sourceTree = "<group>"; };
		14C18B362AA06B31004FF809 /* beep.mp3 */ = {isa = PBXFileReference; lastKnownFileType = audio.mp3; path = beep.mp3; sourceTree = "<group>"; };
		14C18B372AA06B31004FF809 /* beep-08b.mp3 */ = {isa = PBXFileReference; lastKnownFileType = audio.mp3; path = "beep-08b.mp3"; sourceTree = "<group>"; };
		14C18B382AA0726C004FF809 /* end.mp3 */ = {isa = PBXFileReference; lastKnownFileType = audio.mp3; path = end.mp3; sourceTree = "<group>"; };
		14C18B3B2AA07C01004FF809 /* DegreeDirectionHelper.swift */ = {isa = PBXFileReference; lastKnownFileType = sourcecode.swift; path = DegreeDirectionHelper.swift; sourceTree = "<group>"; };
		14C18B3D2AA089C2004FF809 /* SoundEffectConstant.swift */ = {isa = PBXFileReference; lastKnownFileType = sourcecode.swift; path = SoundEffectConstant.swift; sourceTree = "<group>"; };
		14E1D5872AA6DF2500582EC7 /* MapColorSet.swift */ = {isa = PBXFileReference; lastKnownFileType = sourcecode.swift; path = MapColorSet.swift; sourceTree = "<group>"; };
		14EB6BF92A933DB3006990BE /* TactileMap.app */ = {isa = PBXFileReference; explicitFileType = wrapper.application; includeInIndex = 0; path = TactileMap.app; sourceTree = BUILT_PRODUCTS_DIR; };
		14EB6BFC2A933DB3006990BE /* AppDelegate.swift */ = {isa = PBXFileReference; lastKnownFileType = sourcecode.swift; path = AppDelegate.swift; sourceTree = "<group>"; };
		14EB6BFE2A933DB3006990BE /* SceneDelegate.swift */ = {isa = PBXFileReference; lastKnownFileType = sourcecode.swift; path = SceneDelegate.swift; sourceTree = "<group>"; };
		14EB6C002A933DB3006990BE /* AppMainCoordinator.swift */ = {isa = PBXFileReference; lastKnownFileType = sourcecode.swift; path = AppMainCoordinator.swift; sourceTree = "<group>"; };
		14EB6C062A933DB3006990BE /* TactileMap.xcdatamodel */ = {isa = PBXFileReference; lastKnownFileType = wrapper.xcdatamodel; path = TactileMap.xcdatamodel; sourceTree = "<group>"; };
		14EB6C082A933DB4006990BE /* Assets.xcassets */ = {isa = PBXFileReference; lastKnownFileType = folder.assetcatalog; path = Assets.xcassets; sourceTree = "<group>"; };
		14EB6C0B2A933DB4006990BE /* Base */ = {isa = PBXFileReference; lastKnownFileType = file.storyboard; name = Base; path = Base.lproj/LaunchScreen.storyboard; sourceTree = "<group>"; };
		14EB6C0D2A933DB4006990BE /* Info.plist */ = {isa = PBXFileReference; lastKnownFileType = text.plist.xml; path = Info.plist; sourceTree = "<group>"; };
		14EB6C122A933DB4006990BE /* TactileMapTests.xctest */ = {isa = PBXFileReference; explicitFileType = wrapper.cfbundle; includeInIndex = 0; path = TactileMapTests.xctest; sourceTree = BUILT_PRODUCTS_DIR; };
		14EB6C162A933DB4006990BE /* TactileMapTests.swift */ = {isa = PBXFileReference; lastKnownFileType = sourcecode.swift; path = TactileMapTests.swift; sourceTree = "<group>"; };
		14EB6C1C2A933DB4006990BE /* TactileMapUITests.xctest */ = {isa = PBXFileReference; explicitFileType = wrapper.cfbundle; includeInIndex = 0; path = TactileMapUITests.xctest; sourceTree = BUILT_PRODUCTS_DIR; };
		14EB6C202A933DB4006990BE /* TactileMapUITests.swift */ = {isa = PBXFileReference; lastKnownFileType = sourcecode.swift; path = TactileMapUITests.swift; sourceTree = "<group>"; };
		14EB6C222A933DB4006990BE /* TactileMapUITestsLaunchTests.swift */ = {isa = PBXFileReference; lastKnownFileType = sourcecode.swift; path = TactileMapUITestsLaunchTests.swift; sourceTree = "<group>"; };
		14EB6C3E2A95D0A0006990BE /* Coordinator.swift */ = {isa = PBXFileReference; fileEncoding = 4; lastKnownFileType = sourcecode.swift; path = Coordinator.swift; sourceTree = "<group>"; };
		14EB6C452A95D3E0006990BE /* HomepageContainerViewController.swift */ = {isa = PBXFileReference; lastKnownFileType = sourcecode.swift; path = HomepageContainerViewController.swift; sourceTree = "<group>"; };
		14EB6C462A95D3E0006990BE /* HomepageContainerViewController.xib */ = {isa = PBXFileReference; lastKnownFileType = file.xib; path = HomepageContainerViewController.xib; sourceTree = "<group>"; };
		14EB6C492A95D579006990BE /* HomepageViewController.swift */ = {isa = PBXFileReference; lastKnownFileType = sourcecode.swift; path = HomepageViewController.swift; sourceTree = "<group>"; };
		14EB6C4A2A95D579006990BE /* HomepageViewController.xib */ = {isa = PBXFileReference; lastKnownFileType = file.xib; path = HomepageViewController.xib; sourceTree = "<group>"; };
		14EB6C4D2A95D583006990BE /* MyMapViewController.swift */ = {isa = PBXFileReference; lastKnownFileType = sourcecode.swift; path = MyMapViewController.swift; sourceTree = "<group>"; };
		14EB6C4E2A95D583006990BE /* MyMapViewController.xib */ = {isa = PBXFileReference; lastKnownFileType = file.xib; path = MyMapViewController.xib; sourceTree = "<group>"; };
		14EB6C552A95D5A6006990BE /* PersonalViewController.swift */ = {isa = PBXFileReference; lastKnownFileType = sourcecode.swift; path = PersonalViewController.swift; sourceTree = "<group>"; };
		14EB6C562A95D5A6006990BE /* PersonalViewController.xib */ = {isa = PBXFileReference; lastKnownFileType = file.xib; path = PersonalViewController.xib; sourceTree = "<group>"; };
		14EB6C592A95D5EB006990BE /* UIView+Nib.swift */ = {isa = PBXFileReference; fileEncoding = 4; lastKnownFileType = sourcecode.swift; path = "UIView+Nib.swift"; sourceTree = "<group>"; };
		14EB6C5E2A95E591006990BE /* SingleMapInfoCellView.swift */ = {isa = PBXFileReference; lastKnownFileType = sourcecode.swift; path = SingleMapInfoCellView.swift; sourceTree = "<group>"; };
		14EB6C602A95E59C006990BE /* SingleMapInfoCellView.xib */ = {isa = PBXFileReference; lastKnownFileType = file.xib; path = SingleMapInfoCellView.xib; sourceTree = "<group>"; };
		14EB6C622A95F266006990BE /* MapInfoListCollectionView.swift */ = {isa = PBXFileReference; lastKnownFileType = sourcecode.swift; path = MapInfoListCollectionView.swift; sourceTree = "<group>"; };
		14EB6C642A95F26F006990BE /* MapInfoListCollectionView.xib */ = {isa = PBXFileReference; lastKnownFileType = file.xib; path = MapInfoListCollectionView.xib; sourceTree = "<group>"; };
		14EB6C662A95F324006990BE /* MapInfoModel.swift */ = {isa = PBXFileReference; lastKnownFileType = sourcecode.swift; path = MapInfoModel.swift; sourceTree = "<group>"; };
		14EB6C692A96003E006990BE /* HomePageMapInfoTableViewCell.swift */ = {isa = PBXFileReference; lastKnownFileType = sourcecode.swift; path = HomePageMapInfoTableViewCell.swift; sourceTree = "<group>"; };
		14EB6C6A2A96003E006990BE /* HomePageMapInfoTableViewCell.xib */ = {isa = PBXFileReference; lastKnownFileType = file.xib; path = HomePageMapInfoTableViewCell.xib; sourceTree = "<group>"; };
		14EB6C732A9891EF006990BE /* FileService.swift */ = {isa = PBXFileReference; lastKnownFileType = sourcecode.swift; path = FileService.swift; sourceTree = "<group>"; };
		2ADD097F2A9F7173004C14CD /* MapDetailSideMenuViewModel.swift */ = {isa = PBXFileReference; lastKnownFileType = sourcecode.swift; path = MapDetailSideMenuViewModel.swift; sourceTree = "<group>"; };
		2AE86B0A2A9F831900F1FCEA /* PathTrainingPageViewModel.swift */ = {isa = PBXFileReference; lastKnownFileType = sourcecode.swift; path = PathTrainingPageViewModel.swift; sourceTree = "<group>"; };
		2DF67D921E7EC42F874332A4 /* Pods-TactileMapTests.release.xcconfig */ = {isa = PBXFileReference; includeInIndex = 1; lastKnownFileType = text.xcconfig; name = "Pods-TactileMapTests.release.xcconfig"; path = "Target Support Files/Pods-TactileMapTests/Pods-TactileMapTests.release.xcconfig"; sourceTree = "<group>"; };
		625BDE250D9443AC9AB03CDE /* Pods-TactileMap-TactileMapUITests.release.xcconfig */ = {isa = PBXFileReference; includeInIndex = 1; lastKnownFileType = text.xcconfig; name = "Pods-TactileMap-TactileMapUITests.release.xcconfig"; path = "Target Support Files/Pods-TactileMap-TactileMapUITests/Pods-TactileMap-TactileMapUITests.release.xcconfig"; sourceTree = "<group>"; };
		794FCFBF6C9E380A67D8C47C /* Pods_TactileMap.framework */ = {isa = PBXFileReference; explicitFileType = wrapper.framework; includeInIndex = 0; path = Pods_TactileMap.framework; sourceTree = BUILT_PRODUCTS_DIR; };
		B46CE4E39531D58C8E413803 /* Pods-TactileMap.debug.xcconfig */ = {isa = PBXFileReference; includeInIndex = 1; lastKnownFileType = text.xcconfig; name = "Pods-TactileMap.debug.xcconfig"; path = "Target Support Files/Pods-TactileMap/Pods-TactileMap.debug.xcconfig"; sourceTree = "<group>"; };
		CFB5C0467ACC29891CE111BF /* Pods_TactileMapTests.framework */ = {isa = PBXFileReference; explicitFileType = wrapper.framework; includeInIndex = 0; path = Pods_TactileMapTests.framework; sourceTree = BUILT_PRODUCTS_DIR; };
		D00E1B5AEE01E2F2BABD8236 /* Pods-TactileMapTests.debug.xcconfig */ = {isa = PBXFileReference; includeInIndex = 1; lastKnownFileType = text.xcconfig; name = "Pods-TactileMapTests.debug.xcconfig"; path = "Target Support Files/Pods-TactileMapTests/Pods-TactileMapTests.debug.xcconfig"; sourceTree = "<group>"; };
		D3A13F1AAEEBA3BDF4819406 /* Pods-TactileMap.release.xcconfig */ = {isa = PBXFileReference; includeInIndex = 1; lastKnownFileType = text.xcconfig; name = "Pods-TactileMap.release.xcconfig"; path = "Target Support Files/Pods-TactileMap/Pods-TactileMap.release.xcconfig"; sourceTree = "<group>"; };
		E6DE7297685BDBB7FAC1301E /* Pods-TactileMap-TactileMapUITests.debug.xcconfig */ = {isa = PBXFileReference; includeInIndex = 1; lastKnownFileType = text.xcconfig; name = "Pods-TactileMap-TactileMapUITests.debug.xcconfig"; path = "Target Support Files/Pods-TactileMap-TactileMapUITests/Pods-TactileMap-TactileMapUITests.debug.xcconfig"; sourceTree = "<group>"; };
		F322D48531325E8171EF9A66 /* Pods_TactileMap_TactileMapUITests.framework */ = {isa = PBXFileReference; explicitFileType = wrapper.framework; includeInIndex = 0; path = Pods_TactileMap_TactileMapUITests.framework; sourceTree = BUILT_PRODUCTS_DIR; };
/* End PBXFileReference section */

/* Begin PBXFrameworksBuildPhase section */
		14EB6BF62A933DB2006990BE /* Frameworks */ = {
			isa = PBXFrameworksBuildPhase;
			buildActionMask = 2147483647;
			files = (
				029EC6CA9B95591A8FDED52C /* Pods_TactileMap.framework in Frameworks */,
			);
			runOnlyForDeploymentPostprocessing = 0;
		};
		14EB6C0F2A933DB4006990BE /* Frameworks */ = {
			isa = PBXFrameworksBuildPhase;
			buildActionMask = 2147483647;
			files = (
				BB862D2197F387EAF79A069F /* Pods_TactileMapTests.framework in Frameworks */,
			);
			runOnlyForDeploymentPostprocessing = 0;
		};
		14EB6C192A933DB4006990BE /* Frameworks */ = {
			isa = PBXFrameworksBuildPhase;
			buildActionMask = 2147483647;
			files = (
				9E838E69D2138FAB50C42D3F /* Pods_TactileMap_TactileMapUITests.framework in Frameworks */,
			);
			runOnlyForDeploymentPostprocessing = 0;
		};
/* End PBXFrameworksBuildPhase section */

/* Begin PBXGroup section */
		14AFC57A2AC158AD00F251D3 /* Resource */ = {
			isa = PBXGroup;
			children = (
				14AFC57C2AC158CB00F251D3 /* AllMapsInfomation.json */,
				14AFC57D2AC158CB00F251D3 /* AllMapsInfomationExample.json */,
				14AFC57B2AC158CB00F251D3 /* Map_小吃部.json */,
				14AFC57E2AC158CB00F251D3 /* Map_台達館一樓.json */,
			);
			path = Resource;
			sourceTree = "<group>";
		};
		14C18AFB2A9DEA6F004FF809 /* MapDetail */ = {
			isa = PBXGroup;
			children = (
				14C18B1C2A9F385E004FF809 /* SideMenuView */,
				14C18AFD2A9DEB04004FF809 /* PathTrainingPage */,
				14C18AFC2A9DEACC004FF809 /* TactileMapPage */,
				14C18B1A2A9F2DCF004FF809 /* MapDetailCoordinator.swift */,
			);
			path = MapDetail;
			sourceTree = "<group>";
		};
		14C18AFC2A9DEACC004FF809 /* TactileMapPage */ = {
			isa = PBXGroup;
			children = (
				14C18B142A9F2265004FF809 /* TouchMapView */,
				14C18B022A9ED2CB004FF809 /* TactileMapPageViewController.swift */,
				14C18B032A9ED2CB004FF809 /* TactileMapPageViewController.xib */,
				14C18B0A2A9ED2F7004FF809 /* TactileMapPageViewModel.swift */,
			);
			path = TactileMapPage;
			sourceTree = "<group>";
		};
		14C18AFD2A9DEB04004FF809 /* PathTrainingPage */ = {
			isa = PBXGroup;
			children = (
				14C18B212AA01FCC004FF809 /* PathTrainingView */,
				14C18B062A9ED2D9004FF809 /* PathTrainingPageViewController.swift */,
				14C18B072A9ED2D9004FF809 /* PathTrainingPageViewController.xib */,
				2AE86B0A2A9F831900F1FCEA /* PathTrainingPageViewModel.swift */,
			);
			path = PathTrainingPage;
			sourceTree = "<group>";
		};
		14C18B142A9F2265004FF809 /* TouchMapView */ = {
			isa = PBXGroup;
			children = (
				14C18B152A9F226E004FF809 /* TouchMapView.swift */,
				14C18B0C2A9ED405004FF809 /* TactileMapGridCellView.swift */,
			);
			path = TouchMapView;
			sourceTree = "<group>";
		};
		14C18B1C2A9F385E004FF809 /* SideMenuView */ = {
			isa = PBXGroup;
			children = (
				14C18B1D2A9F3892004FF809 /* MapDetailSideMenuViewController.swift */,
				14C18B1E2A9F3892004FF809 /* MapDetailSideMenuViewController.xib */,
				2ADD097F2A9F7173004C14CD /* MapDetailSideMenuViewModel.swift */,
			);
			path = SideMenuView;
			sourceTree = "<group>";
		};
		14C18B212AA01FCC004FF809 /* PathTrainingView */ = {
			isa = PBXGroup;
			children = (
				14C18B262AA02005004FF809 /* PathTrainingView.swift */,
				14C18B272AA02005004FF809 /* PathTrainingGridCellView.swift */,
			);
			path = PathTrainingView;
			sourceTree = "<group>";
		};
		14C18B322AA06B24004FF809 /* Sounds */ = {
			isa = PBXGroup;
			children = (
				14C18B382AA0726C004FF809 /* end.mp3 */,
				14C18B372AA06B31004FF809 /* beep-08b.mp3 */,
				14C18B362AA06B31004FF809 /* beep.mp3 */,
				14C18B332AA06B2E004FF809 /* start.mp3 */,
			);
			path = Sounds;
			sourceTree = "<group>";
		};
		14C18B3A2AA07BDC004FF809 /* Helper */ = {
			isa = PBXGroup;
			children = (
				14C18B3B2AA07C01004FF809 /* DegreeDirectionHelper.swift */,
			);
			path = Helper;
			sourceTree = "<group>";
		};
		14EB6BF02A933DB2006990BE = {
			isa = PBXGroup;
			children = (
				14EB6BFB2A933DB3006990BE /* TactileMap */,
				14EB6C152A933DB4006990BE /* TactileMapTests */,
				14EB6C1F2A933DB4006990BE /* TactileMapUITests */,
				14EB6BFA2A933DB3006990BE /* Products */,
				C1671145CF719D486548E96F /* Pods */,
				34E419EF86097587509FCEF4 /* Frameworks */,
			);
			sourceTree = "<group>";
		};
		14EB6BFA2A933DB3006990BE /* Products */ = {
			isa = PBXGroup;
			children = (
				14EB6BF92A933DB3006990BE /* TactileMap.app */,
				14EB6C122A933DB4006990BE /* TactileMapTests.xctest */,
				14EB6C1C2A933DB4006990BE /* TactileMapUITests.xctest */,
			);
			name = Products;
			sourceTree = "<group>";
		};
		14EB6BFB2A933DB3006990BE /* TactileMap */ = {
			isa = PBXGroup;
			children = (
				14EB6C312A934B31006990BE /* Shared */,
				14EB6C302A9349DA006990BE /* Feature */,
				14EB6C2F2A93483D006990BE /* App */,
				14EB6C082A933DB4006990BE /* Assets.xcassets */,
				14EB6C0D2A933DB4006990BE /* Info.plist */,
				14EB6C052A933DB3006990BE /* TactileMap.xcdatamodeld */,
			);
			path = TactileMap;
			sourceTree = "<group>";
		};
		14EB6C152A933DB4006990BE /* TactileMapTests */ = {
			isa = PBXGroup;
			children = (
				14EB6C162A933DB4006990BE /* TactileMapTests.swift */,
			);
			path = TactileMapTests;
			sourceTree = "<group>";
		};
		14EB6C1F2A933DB4006990BE /* TactileMapUITests */ = {
			isa = PBXGroup;
			children = (
				14EB6C202A933DB4006990BE /* TactileMapUITests.swift */,
				14EB6C222A933DB4006990BE /* TactileMapUITestsLaunchTests.swift */,
			);
			path = TactileMapUITests;
			sourceTree = "<group>";
		};
		14EB6C2F2A93483D006990BE /* App */ = {
			isa = PBXGroup;
			children = (
				14EB6BFC2A933DB3006990BE /* AppDelegate.swift */,
				14EB6C002A933DB3006990BE /* AppMainCoordinator.swift */,
				14EB6C0A2A933DB4006990BE /* LaunchScreen.storyboard */,
				14EB6BFE2A933DB3006990BE /* SceneDelegate.swift */,
			);
			path = App;
			sourceTree = "<group>";
		};
		14EB6C302A9349DA006990BE /* Feature */ = {
			isa = PBXGroup;
			children = (
				14EB6C5B2A95DD56006990BE /* Components */,
				14EB6C402A95D2BF006990BE /* Homepage */,
				14EB6C412A95D2C7006990BE /* HomepageTabbarContainer */,
				14C18AFB2A9DEA6F004FF809 /* MapDetail */,
				14EB6C422A95D324006990BE /* MyMap */,
				14EB6C442A95D39C006990BE /* Personal */,
			);
			path = Feature;
			sourceTree = "<group>";
		};
		14EB6C312A934B31006990BE /* Shared */ = {
			isa = PBXGroup;
			children = (
				14EB6C352A934B53006990BE /* Constant */,
				14EB6C332A934B48006990BE /* Extension */,
				14C18B3A2AA07BDC004FF809 /* Helper */,
				14EB6C342A934B4E006990BE /* Model */,
				14EB6C322A934B40006990BE /* Protocol */,
				14AFC57A2AC158AD00F251D3 /* Resource */,
				14EB6C382A934FCE006990BE /* Service */,
				14C18B322AA06B24004FF809 /* Sounds */,
				14EB6C392A935204006990BE /* ViewModel */,
			);
			path = Shared;
			sourceTree = "<group>";
		};
		14EB6C322A934B40006990BE /* Protocol */ = {
			isa = PBXGroup;
			children = (
				14EB6C3E2A95D0A0006990BE /* Coordinator.swift */,
				14BFEDDC2AAEE71F005DD6FB /* CoreDataService.swift */,
			);
			path = Protocol;
			sourceTree = "<group>";
		};
		14EB6C332A934B48006990BE /* Extension */ = {
			isa = PBXGroup;
			children = (
				14EB6C592A95D5EB006990BE /* UIView+Nib.swift */,
				14C18B2C2AA044C2004FF809 /* UIView+Toast.swift */,
				14C18B2E2AA06049004FF809 /* UIColor+.swift */,
			);
			path = Extension;
			sourceTree = "<group>";
		};
		14EB6C342A934B4E006990BE /* Model */ = {
			isa = PBXGroup;
			children = (
				14C18B102A9F1824004FF809 /* TactileMapGridModel.swift */,
				14EB6C662A95F324006990BE /* MapInfoModel.swift */,
				147927B92ABD70C500D8AB30 /* MapInfoDataStore.swift */,
			);
			path = Model;
			sourceTree = "<group>";
		};
		14EB6C352A934B53006990BE /* Constant */ = {
			isa = PBXGroup;
			children = (
				14C18B3D2AA089C2004FF809 /* SoundEffectConstant.swift */,
				14E1D5872AA6DF2500582EC7 /* MapColorSet.swift */,
			);
			path = Constant;
			sourceTree = "<group>";
		};
		14EB6C382A934FCE006990BE /* Service */ = {
			isa = PBXGroup;
			children = (
				14EB6C732A9891EF006990BE /* FileService.swift */,
				14C18B182A9F2771004FF809 /* AVSpeechSynthesizerService.swift */,
				14C18B302AA06A0C004FF809 /* AudioPlayerService.swift */,
				149CC0152AA9A0CA0019A771 /* ErrorHandlerService.swift */,
				14BFEDDA2AAEE70E005DD6FB /* FavoriteMapDataService.swift */,
			);
			path = Service;
			sourceTree = "<group>";
		};
		14EB6C392A935204006990BE /* ViewModel */ = {
			isa = PBXGroup;
			children = (
				14C18B122A9F1C3B004FF809 /* TactileMapGridViewModel.swift */,
			);
			path = ViewModel;
			sourceTree = "<group>";
		};
		14EB6C402A95D2BF006990BE /* Homepage */ = {
			isa = PBXGroup;
			children = (
				14EB6C492A95D579006990BE /* HomepageViewController.swift */,
				14EB6C4A2A95D579006990BE /* HomepageViewController.xib */,
				14C18B0E2A9EDC76004FF809 /* HomepageCoordinator.swift */,
			);
			path = Homepage;
			sourceTree = "<group>";
		};
		14EB6C412A95D2C7006990BE /* HomepageTabbarContainer */ = {
			isa = PBXGroup;
			children = (
				14EB6C452A95D3E0006990BE /* HomepageContainerViewController.swift */,
				14EB6C462A95D3E0006990BE /* HomepageContainerViewController.xib */,
				14C18AF92A9DE534004FF809 /* HomepageContainerCoordinator.swift */,
			);
			path = HomepageTabbarContainer;
			sourceTree = "<group>";
		};
		14EB6C422A95D324006990BE /* MyMap */ = {
			isa = PBXGroup;
			children = (
				14EB6C4D2A95D583006990BE /* MyMapViewController.swift */,
				14EB6C4E2A95D583006990BE /* MyMapViewController.xib */,
			);
			path = MyMap;
			sourceTree = "<group>";
		};
		14EB6C442A95D39C006990BE /* Personal */ = {
			isa = PBXGroup;
			children = (
				14EB6C552A95D5A6006990BE /* PersonalViewController.swift */,
				14EB6C562A95D5A6006990BE /* PersonalViewController.xib */,
			);
			path = Personal;
			sourceTree = "<group>";
		};
		14EB6C5B2A95DD56006990BE /* Components */ = {
			isa = PBXGroup;
			children = (
				14EB6C682A960004006990BE /* HomePageMapInfoTableViewCell */,
				14EB6C5D2A95DD95006990BE /* MapInfoListCollection */,
			);
			path = Components;
			sourceTree = "<group>";
		};
		14EB6C5C2A95DD61006990BE /* MapInfoCollectionCell */ = {
			isa = PBXGroup;
			children = (
				14EB6C5E2A95E591006990BE /* SingleMapInfoCellView.swift */,
				14EB6C602A95E59C006990BE /* SingleMapInfoCellView.xib */,
			);
			path = MapInfoCollectionCell;
			sourceTree = "<group>";
		};
		14EB6C5D2A95DD95006990BE /* MapInfoListCollection */ = {
			isa = PBXGroup;
			children = (
				14C18AFE2A9ECA0A004FF809 /* MapInfoListCollectionViewCoordinator.swift */,
				14EB6C622A95F266006990BE /* MapInfoListCollectionView.swift */,
				14EB6C642A95F26F006990BE /* MapInfoListCollectionView.xib */,
				14EB6C5C2A95DD61006990BE /* MapInfoCollectionCell */,
			);
			path = MapInfoListCollection;
			sourceTree = "<group>";
		};
		14EB6C682A960004006990BE /* HomePageMapInfoTableViewCell */ = {
			isa = PBXGroup;
			children = (
				14EB6C692A96003E006990BE /* HomePageMapInfoTableViewCell.swift */,
				14EB6C6A2A96003E006990BE /* HomePageMapInfoTableViewCell.xib */,
			);
			path = HomePageMapInfoTableViewCell;
			sourceTree = "<group>";
		};
		34E419EF86097587509FCEF4 /* Frameworks */ = {
			isa = PBXGroup;
			children = (
				794FCFBF6C9E380A67D8C47C /* Pods_TactileMap.framework */,
				F322D48531325E8171EF9A66 /* Pods_TactileMap_TactileMapUITests.framework */,
				CFB5C0467ACC29891CE111BF /* Pods_TactileMapTests.framework */,
			);
			name = Frameworks;
			sourceTree = "<group>";
		};
		C1671145CF719D486548E96F /* Pods */ = {
			isa = PBXGroup;
			children = (
				B46CE4E39531D58C8E413803 /* Pods-TactileMap.debug.xcconfig */,
				D3A13F1AAEEBA3BDF4819406 /* Pods-TactileMap.release.xcconfig */,
				E6DE7297685BDBB7FAC1301E /* Pods-TactileMap-TactileMapUITests.debug.xcconfig */,
				625BDE250D9443AC9AB03CDE /* Pods-TactileMap-TactileMapUITests.release.xcconfig */,
				D00E1B5AEE01E2F2BABD8236 /* Pods-TactileMapTests.debug.xcconfig */,
				2DF67D921E7EC42F874332A4 /* Pods-TactileMapTests.release.xcconfig */,
			);
			path = Pods;
			sourceTree = "<group>";
		};
/* End PBXGroup section */

/* Begin PBXNativeTarget section */
		14EB6BF82A933DB2006990BE /* TactileMap */ = {
			isa = PBXNativeTarget;
			buildConfigurationList = 14EB6C262A933DB4006990BE /* Build configuration list for PBXNativeTarget "TactileMap" */;
			buildPhases = (
				BAEE9E39868B54EFBB773A6B /* [CP] Check Pods Manifest.lock */,
				14EB6BF52A933DB2006990BE /* Sources */,
				14EB6BF62A933DB2006990BE /* Frameworks */,
				14EB6BF72A933DB2006990BE /* Resources */,
				12E78926F12A727354B9475D /* [CP] Embed Pods Frameworks */,
			);
			buildRules = (
			);
			dependencies = (
			);
			name = TactileMap;
			productName = TactileMap;
			productReference = 14EB6BF92A933DB3006990BE /* TactileMap.app */;
			productType = "com.apple.product-type.application";
		};
		14EB6C112A933DB4006990BE /* TactileMapTests */ = {
			isa = PBXNativeTarget;
			buildConfigurationList = 14EB6C292A933DB4006990BE /* Build configuration list for PBXNativeTarget "TactileMapTests" */;
			buildPhases = (
				C95129C13FC427ED5939A123 /* [CP] Check Pods Manifest.lock */,
				14EB6C0E2A933DB4006990BE /* Sources */,
				14EB6C0F2A933DB4006990BE /* Frameworks */,
				14EB6C102A933DB4006990BE /* Resources */,
			);
			buildRules = (
			);
			dependencies = (
				14EB6C142A933DB4006990BE /* PBXTargetDependency */,
			);
			name = TactileMapTests;
			productName = TactileMapTests;
			productReference = 14EB6C122A933DB4006990BE /* TactileMapTests.xctest */;
			productType = "com.apple.product-type.bundle.unit-test";
		};
		14EB6C1B2A933DB4006990BE /* TactileMapUITests */ = {
			isa = PBXNativeTarget;
			buildConfigurationList = 14EB6C2C2A933DB4006990BE /* Build configuration list for PBXNativeTarget "TactileMapUITests" */;
			buildPhases = (
				A5E437EA63EA39BC16AACD83 /* [CP] Check Pods Manifest.lock */,
				14EB6C182A933DB4006990BE /* Sources */,
				14EB6C192A933DB4006990BE /* Frameworks */,
				14EB6C1A2A933DB4006990BE /* Resources */,
				9205CB01EF4880E1672F4555 /* [CP] Embed Pods Frameworks */,
			);
			buildRules = (
			);
			dependencies = (
				14EB6C1E2A933DB4006990BE /* PBXTargetDependency */,
			);
			name = TactileMapUITests;
			productName = TactileMapUITests;
			productReference = 14EB6C1C2A933DB4006990BE /* TactileMapUITests.xctest */;
			productType = "com.apple.product-type.bundle.ui-testing";
		};
/* End PBXNativeTarget section */

/* Begin PBXProject section */
		14EB6BF12A933DB2006990BE /* Project object */ = {
			isa = PBXProject;
			attributes = {
				BuildIndependentTargetsInParallel = 1;
				LastSwiftUpdateCheck = 1430;
				LastUpgradeCheck = 1430;
				TargetAttributes = {
					14EB6BF82A933DB2006990BE = {
						CreatedOnToolsVersion = 14.3.1;
					};
					14EB6C112A933DB4006990BE = {
						CreatedOnToolsVersion = 14.3.1;
						TestTargetID = 14EB6BF82A933DB2006990BE;
					};
					14EB6C1B2A933DB4006990BE = {
						CreatedOnToolsVersion = 14.3.1;
						TestTargetID = 14EB6BF82A933DB2006990BE;
					};
				};
			};
			buildConfigurationList = 14EB6BF42A933DB2006990BE /* Build configuration list for PBXProject "TactileMap" */;
			compatibilityVersion = "Xcode 14.0";
			developmentRegion = en;
			hasScannedForEncodings = 0;
			knownRegions = (
				en,
				Base,
			);
			mainGroup = 14EB6BF02A933DB2006990BE;
			productRefGroup = 14EB6BFA2A933DB3006990BE /* Products */;
			projectDirPath = "";
			projectRoot = "";
			targets = (
				14EB6BF82A933DB2006990BE /* TactileMap */,
				14EB6C112A933DB4006990BE /* TactileMapTests */,
				14EB6C1B2A933DB4006990BE /* TactileMapUITests */,
			);
		};
/* End PBXProject section */

/* Begin PBXResourcesBuildPhase section */
		14EB6BF72A933DB2006990BE /* Resources */ = {
			isa = PBXResourcesBuildPhase;
			buildActionMask = 2147483647;
			files = (
				14EB6C482A95D3E0006990BE /* HomepageContainerViewController.xib in Resources */,
				14EB6C6C2A96003E006990BE /* HomePageMapInfoTableViewCell.xib in Resources */,
				14C18B202A9F3892004FF809 /* MapDetailSideMenuViewController.xib in Resources */,
				14EB6C0C2A933DB4006990BE /* LaunchScreen.storyboard in Resources */,
				14EB6C092A933DB4006990BE /* Assets.xcassets in Resources */,
				14EB6C652A95F26F006990BE /* MapInfoListCollectionView.xib in Resources */,
				14AFC5812AC158CB00F251D3 /* AllMapsInfomationExample.json in Resources */,
				14AFC5822AC158CB00F251D3 /* Map_台達館一樓.json in Resources */,
				14C18B342AA06B2E004FF809 /* start.mp3 in Resources */,
				14C18B052A9ED2CB004FF809 /* TactileMapPageViewController.xib in Resources */,
				14EB6C4C2A95D579006990BE /* HomepageViewController.xib in Resources */,
				14AFC5802AC158CB00F251D3 /* AllMapsInfomation.json in Resources */,
				14C18B092A9ED2D9004FF809 /* PathTrainingPageViewController.xib in Resources */,
				14AFC57F2AC158CB00F251D3 /* Map_小吃部.json in Resources */,
				14EB6C612A95E59C006990BE /* SingleMapInfoCellView.xib in Resources */,
				14C18B392AA0726C004FF809 /* end.mp3 in Resources */,
				14EB6C582A95D5A6006990BE /* PersonalViewController.xib in Resources */,
				14EB6C502A95D583006990BE /* MyMapViewController.xib in Resources */,
			);
			runOnlyForDeploymentPostprocessing = 0;
		};
		14EB6C102A933DB4006990BE /* Resources */ = {
			isa = PBXResourcesBuildPhase;
			buildActionMask = 2147483647;
			files = (
			);
			runOnlyForDeploymentPostprocessing = 0;
		};
		14EB6C1A2A933DB4006990BE /* Resources */ = {
			isa = PBXResourcesBuildPhase;
			buildActionMask = 2147483647;
			files = (
			);
			runOnlyForDeploymentPostprocessing = 0;
		};
/* End PBXResourcesBuildPhase section */

/* Begin PBXShellScriptBuildPhase section */
		12E78926F12A727354B9475D /* [CP] Embed Pods Frameworks */ = {
			isa = PBXShellScriptBuildPhase;
			buildActionMask = 2147483647;
			files = (
			);
			inputFileListPaths = (
				"${PODS_ROOT}/Target Support Files/Pods-TactileMap/Pods-TactileMap-frameworks-${CONFIGURATION}-input-files.xcfilelist",
			);
			name = "[CP] Embed Pods Frameworks";
			outputFileListPaths = (
				"${PODS_ROOT}/Target Support Files/Pods-TactileMap/Pods-TactileMap-frameworks-${CONFIGURATION}-output-files.xcfilelist",
			);
			runOnlyForDeploymentPostprocessing = 0;
			shellPath = /bin/sh;
			shellScript = "\"${PODS_ROOT}/Target Support Files/Pods-TactileMap/Pods-TactileMap-frameworks.sh\"\n";
			showEnvVarsInLog = 0;
		};
		9205CB01EF4880E1672F4555 /* [CP] Embed Pods Frameworks */ = {
			isa = PBXShellScriptBuildPhase;
			buildActionMask = 2147483647;
			files = (
			);
			inputFileListPaths = (
				"${PODS_ROOT}/Target Support Files/Pods-TactileMap-TactileMapUITests/Pods-TactileMap-TactileMapUITests-frameworks-${CONFIGURATION}-input-files.xcfilelist",
			);
			name = "[CP] Embed Pods Frameworks";
			outputFileListPaths = (
				"${PODS_ROOT}/Target Support Files/Pods-TactileMap-TactileMapUITests/Pods-TactileMap-TactileMapUITests-frameworks-${CONFIGURATION}-output-files.xcfilelist",
			);
			runOnlyForDeploymentPostprocessing = 0;
			shellPath = /bin/sh;
			shellScript = "\"${PODS_ROOT}/Target Support Files/Pods-TactileMap-TactileMapUITests/Pods-TactileMap-TactileMapUITests-frameworks.sh\"\n";
			showEnvVarsInLog = 0;
		};
		A5E437EA63EA39BC16AACD83 /* [CP] Check Pods Manifest.lock */ = {
			isa = PBXShellScriptBuildPhase;
			buildActionMask = 2147483647;
			files = (
			);
			inputFileListPaths = (
			);
			inputPaths = (
				"${PODS_PODFILE_DIR_PATH}/Podfile.lock",
				"${PODS_ROOT}/Manifest.lock",
			);
			name = "[CP] Check Pods Manifest.lock";
			outputFileListPaths = (
			);
			outputPaths = (
				"$(DERIVED_FILE_DIR)/Pods-TactileMap-TactileMapUITests-checkManifestLockResult.txt",
			);
			runOnlyForDeploymentPostprocessing = 0;
			shellPath = /bin/sh;
			shellScript = "diff \"${PODS_PODFILE_DIR_PATH}/Podfile.lock\" \"${PODS_ROOT}/Manifest.lock\" > /dev/null\nif [ $? != 0 ] ; then\n    # print error to STDERR\n    echo \"error: The sandbox is not in sync with the Podfile.lock. Run 'pod install' or update your CocoaPods installation.\" >&2\n    exit 1\nfi\n# This output is used by Xcode 'outputs' to avoid re-running this script phase.\necho \"SUCCESS\" > \"${SCRIPT_OUTPUT_FILE_0}\"\n";
			showEnvVarsInLog = 0;
		};
		BAEE9E39868B54EFBB773A6B /* [CP] Check Pods Manifest.lock */ = {
			isa = PBXShellScriptBuildPhase;
			buildActionMask = 2147483647;
			files = (
			);
			inputFileListPaths = (
			);
			inputPaths = (
				"${PODS_PODFILE_DIR_PATH}/Podfile.lock",
				"${PODS_ROOT}/Manifest.lock",
			);
			name = "[CP] Check Pods Manifest.lock";
			outputFileListPaths = (
			);
			outputPaths = (
				"$(DERIVED_FILE_DIR)/Pods-TactileMap-checkManifestLockResult.txt",
			);
			runOnlyForDeploymentPostprocessing = 0;
			shellPath = /bin/sh;
			shellScript = "diff \"${PODS_PODFILE_DIR_PATH}/Podfile.lock\" \"${PODS_ROOT}/Manifest.lock\" > /dev/null\nif [ $? != 0 ] ; then\n    # print error to STDERR\n    echo \"error: The sandbox is not in sync with the Podfile.lock. Run 'pod install' or update your CocoaPods installation.\" >&2\n    exit 1\nfi\n# This output is used by Xcode 'outputs' to avoid re-running this script phase.\necho \"SUCCESS\" > \"${SCRIPT_OUTPUT_FILE_0}\"\n";
			showEnvVarsInLog = 0;
		};
		C95129C13FC427ED5939A123 /* [CP] Check Pods Manifest.lock */ = {
			isa = PBXShellScriptBuildPhase;
			buildActionMask = 2147483647;
			files = (
			);
			inputFileListPaths = (
			);
			inputPaths = (
				"${PODS_PODFILE_DIR_PATH}/Podfile.lock",
				"${PODS_ROOT}/Manifest.lock",
			);
			name = "[CP] Check Pods Manifest.lock";
			outputFileListPaths = (
			);
			outputPaths = (
				"$(DERIVED_FILE_DIR)/Pods-TactileMapTests-checkManifestLockResult.txt",
			);
			runOnlyForDeploymentPostprocessing = 0;
			shellPath = /bin/sh;
			shellScript = "diff \"${PODS_PODFILE_DIR_PATH}/Podfile.lock\" \"${PODS_ROOT}/Manifest.lock\" > /dev/null\nif [ $? != 0 ] ; then\n    # print error to STDERR\n    echo \"error: The sandbox is not in sync with the Podfile.lock. Run 'pod install' or update your CocoaPods installation.\" >&2\n    exit 1\nfi\n# This output is used by Xcode 'outputs' to avoid re-running this script phase.\necho \"SUCCESS\" > \"${SCRIPT_OUTPUT_FILE_0}\"\n";
			showEnvVarsInLog = 0;
		};
/* End PBXShellScriptBuildPhase section */

/* Begin PBXSourcesBuildPhase section */
		14EB6BF52A933DB2006990BE /* Sources */ = {
			isa = PBXSourcesBuildPhase;
			buildActionMask = 2147483647;
			files = (
				14BFEDDB2AAEE70E005DD6FB /* FavoriteMapDataService.swift in Sources */,
				14C18B2D2AA044C2004FF809 /* UIView+Toast.swift in Sources */,
				14EB6C672A95F324006990BE /* MapInfoModel.swift in Sources */,
				14C18B112A9F1824004FF809 /* TactileMapGridModel.swift in Sources */,
				14C18B0D2A9ED405004FF809 /* TactileMapGridCellView.swift in Sources */,
				14EB6C6B2A96003E006990BE /* HomePageMapInfoTableViewCell.swift in Sources */,
				14BFEDDD2AAEE71F005DD6FB /* CoreDataService.swift in Sources */,
				14C18B042A9ED2CB004FF809 /* TactileMapPageViewController.swift in Sources */,
				14E1D5882AA6DF2500582EC7 /* MapColorSet.swift in Sources */,
				14C18AFF2A9ECA0A004FF809 /* MapInfoListCollectionViewCoordinator.swift in Sources */,
				14C18B292AA02005004FF809 /* PathTrainingGridCellView.swift in Sources */,
				14EB6C012A933DB3006990BE /* AppMainCoordinator.swift in Sources */,
				14EB6C5F2A95E591006990BE /* SingleMapInfoCellView.swift in Sources */,
				14EB6C632A95F266006990BE /* MapInfoListCollectionView.swift in Sources */,
				14C18B1F2A9F3892004FF809 /* MapDetailSideMenuViewController.swift in Sources */,
				14EB6BFD2A933DB3006990BE /* AppDelegate.swift in Sources */,
				14EB6C3F2A95D0A0006990BE /* Coordinator.swift in Sources */,
				14C18B082A9ED2D9004FF809 /* PathTrainingPageViewController.swift in Sources */,
				14EB6C4B2A95D579006990BE /* HomepageViewController.swift in Sources */,
				14C18B132A9F1C3B004FF809 /* TactileMapGridViewModel.swift in Sources */,
				147927BA2ABD70C500D8AB30 /* MapInfoDataStore.swift in Sources */,
				14C18B162A9F226E004FF809 /* TouchMapView.swift in Sources */,
				149CC0162AA9A0CA0019A771 /* ErrorHandlerService.swift in Sources */,
				14C18B0F2A9EDC76004FF809 /* HomepageCoordinator.swift in Sources */,
				2AE86B0B2A9F831900F1FCEA /* PathTrainingPageViewModel.swift in Sources */,
				14C18B0B2A9ED2F7004FF809 /* TactileMapPageViewModel.swift in Sources */,
				14EB6BFF2A933DB3006990BE /* SceneDelegate.swift in Sources */,
				14EB6C572A95D5A6006990BE /* PersonalViewController.swift in Sources */,
				14C18B312AA06A0C004FF809 /* AudioPlayerService.swift in Sources */,
				2ADD09802A9F7173004C14CD /* MapDetailSideMenuViewModel.swift in Sources */,
				14C18B1B2A9F2DCF004FF809 /* MapDetailCoordinator.swift in Sources */,
				14C18B3E2AA089C2004FF809 /* SoundEffectConstant.swift in Sources */,
				14C18AFA2A9DE534004FF809 /* HomepageContainerCoordinator.swift in Sources */,
				14C18B192A9F2771004FF809 /* AVSpeechSynthesizerService.swift in Sources */,
				14EB6C742A9891EF006990BE /* FileService.swift in Sources */,
				14C18B282AA02005004FF809 /* PathTrainingView.swift in Sources */,
				14C18B2F2AA06049004FF809 /* UIColor+.swift in Sources */,
				14C18B3C2AA07C01004FF809 /* DegreeDirectionHelper.swift in Sources */,
				14EB6C5A2A95D5EB006990BE /* UIView+Nib.swift in Sources */,
				14EB6C472A95D3E0006990BE /* HomepageContainerViewController.swift in Sources */,
				14EB6C072A933DB3006990BE /* TactileMap.xcdatamodeld in Sources */,
				14EB6C4F2A95D583006990BE /* MyMapViewController.swift in Sources */,
			);
			runOnlyForDeploymentPostprocessing = 0;
		};
		14EB6C0E2A933DB4006990BE /* Sources */ = {
			isa = PBXSourcesBuildPhase;
			buildActionMask = 2147483647;
			files = (
				14EB6C172A933DB4006990BE /* TactileMapTests.swift in Sources */,
			);
			runOnlyForDeploymentPostprocessing = 0;
		};
		14EB6C182A933DB4006990BE /* Sources */ = {
			isa = PBXSourcesBuildPhase;
			buildActionMask = 2147483647;
			files = (
				14EB6C232A933DB4006990BE /* TactileMapUITestsLaunchTests.swift in Sources */,
				14EB6C212A933DB4006990BE /* TactileMapUITests.swift in Sources */,
			);
			runOnlyForDeploymentPostprocessing = 0;
		};
/* End PBXSourcesBuildPhase section */

/* Begin PBXTargetDependency section */
		14EB6C142A933DB4006990BE /* PBXTargetDependency */ = {
			isa = PBXTargetDependency;
			target = 14EB6BF82A933DB2006990BE /* TactileMap */;
			targetProxy = 14EB6C132A933DB4006990BE /* PBXContainerItemProxy */;
		};
		14EB6C1E2A933DB4006990BE /* PBXTargetDependency */ = {
			isa = PBXTargetDependency;
			target = 14EB6BF82A933DB2006990BE /* TactileMap */;
			targetProxy = 14EB6C1D2A933DB4006990BE /* PBXContainerItemProxy */;
		};
/* End PBXTargetDependency section */

/* Begin PBXVariantGroup section */
		14EB6C0A2A933DB4006990BE /* LaunchScreen.storyboard */ = {
			isa = PBXVariantGroup;
			children = (
				14EB6C0B2A933DB4006990BE /* Base */,
			);
			name = LaunchScreen.storyboard;
			sourceTree = "<group>";
		};
/* End PBXVariantGroup section */

/* Begin XCBuildConfiguration section */
		14EB6C242A933DB4006990BE /* Debug */ = {
			isa = XCBuildConfiguration;
			buildSettings = {
				ALWAYS_SEARCH_USER_PATHS = NO;
				CLANG_ANALYZER_NONNULL = YES;
				CLANG_ANALYZER_NUMBER_OBJECT_CONVERSION = YES_AGGRESSIVE;
				CLANG_CXX_LANGUAGE_STANDARD = "gnu++20";
				CLANG_ENABLE_MODULES = YES;
				CLANG_ENABLE_OBJC_ARC = YES;
				CLANG_ENABLE_OBJC_WEAK = YES;
				CLANG_WARN_BLOCK_CAPTURE_AUTORELEASING = YES;
				CLANG_WARN_BOOL_CONVERSION = YES;
				CLANG_WARN_COMMA = YES;
				CLANG_WARN_CONSTANT_CONVERSION = YES;
				CLANG_WARN_DEPRECATED_OBJC_IMPLEMENTATIONS = YES;
				CLANG_WARN_DIRECT_OBJC_ISA_USAGE = YES_ERROR;
				CLANG_WARN_DOCUMENTATION_COMMENTS = YES;
				CLANG_WARN_EMPTY_BODY = YES;
				CLANG_WARN_ENUM_CONVERSION = YES;
				CLANG_WARN_INFINITE_RECURSION = YES;
				CLANG_WARN_INT_CONVERSION = YES;
				CLANG_WARN_NON_LITERAL_NULL_CONVERSION = YES;
				CLANG_WARN_OBJC_IMPLICIT_RETAIN_SELF = YES;
				CLANG_WARN_OBJC_LITERAL_CONVERSION = YES;
				CLANG_WARN_OBJC_ROOT_CLASS = YES_ERROR;
				CLANG_WARN_QUOTED_INCLUDE_IN_FRAMEWORK_HEADER = YES;
				CLANG_WARN_RANGE_LOOP_ANALYSIS = YES;
				CLANG_WARN_STRICT_PROTOTYPES = YES;
				CLANG_WARN_SUSPICIOUS_MOVE = YES;
				CLANG_WARN_UNGUARDED_AVAILABILITY = YES_AGGRESSIVE;
				CLANG_WARN_UNREACHABLE_CODE = YES;
				CLANG_WARN__DUPLICATE_METHOD_MATCH = YES;
				COPY_PHASE_STRIP = NO;
				DEBUG_INFORMATION_FORMAT = dwarf;
				ENABLE_STRICT_OBJC_MSGSEND = YES;
				ENABLE_TESTABILITY = YES;
				GCC_C_LANGUAGE_STANDARD = gnu11;
				GCC_DYNAMIC_NO_PIC = NO;
				GCC_NO_COMMON_BLOCKS = YES;
				GCC_OPTIMIZATION_LEVEL = 0;
				GCC_PREPROCESSOR_DEFINITIONS = (
					"DEBUG=1",
					"$(inherited)",
				);
				GCC_WARN_64_TO_32_BIT_CONVERSION = YES;
				GCC_WARN_ABOUT_RETURN_TYPE = YES_ERROR;
				GCC_WARN_UNDECLARED_SELECTOR = YES;
				GCC_WARN_UNINITIALIZED_AUTOS = YES_AGGRESSIVE;
				GCC_WARN_UNUSED_FUNCTION = YES;
				GCC_WARN_UNUSED_VARIABLE = YES;
				IPHONEOS_DEPLOYMENT_TARGET = 14.0;
				MTL_ENABLE_DEBUG_INFO = INCLUDE_SOURCE;
				MTL_FAST_MATH = YES;
				ONLY_ACTIVE_ARCH = YES;
				SDKROOT = iphoneos;
				SWIFT_ACTIVE_COMPILATION_CONDITIONS = DEBUG;
				SWIFT_OPTIMIZATION_LEVEL = "-Onone";
			};
			name = Debug;
		};
		14EB6C252A933DB4006990BE /* Release */ = {
			isa = XCBuildConfiguration;
			buildSettings = {
				ALWAYS_SEARCH_USER_PATHS = NO;
				CLANG_ANALYZER_NONNULL = YES;
				CLANG_ANALYZER_NUMBER_OBJECT_CONVERSION = YES_AGGRESSIVE;
				CLANG_CXX_LANGUAGE_STANDARD = "gnu++20";
				CLANG_ENABLE_MODULES = YES;
				CLANG_ENABLE_OBJC_ARC = YES;
				CLANG_ENABLE_OBJC_WEAK = YES;
				CLANG_WARN_BLOCK_CAPTURE_AUTORELEASING = YES;
				CLANG_WARN_BOOL_CONVERSION = YES;
				CLANG_WARN_COMMA = YES;
				CLANG_WARN_CONSTANT_CONVERSION = YES;
				CLANG_WARN_DEPRECATED_OBJC_IMPLEMENTATIONS = YES;
				CLANG_WARN_DIRECT_OBJC_ISA_USAGE = YES_ERROR;
				CLANG_WARN_DOCUMENTATION_COMMENTS = YES;
				CLANG_WARN_EMPTY_BODY = YES;
				CLANG_WARN_ENUM_CONVERSION = YES;
				CLANG_WARN_INFINITE_RECURSION = YES;
				CLANG_WARN_INT_CONVERSION = YES;
				CLANG_WARN_NON_LITERAL_NULL_CONVERSION = YES;
				CLANG_WARN_OBJC_IMPLICIT_RETAIN_SELF = YES;
				CLANG_WARN_OBJC_LITERAL_CONVERSION = YES;
				CLANG_WARN_OBJC_ROOT_CLASS = YES_ERROR;
				CLANG_WARN_QUOTED_INCLUDE_IN_FRAMEWORK_HEADER = YES;
				CLANG_WARN_RANGE_LOOP_ANALYSIS = YES;
				CLANG_WARN_STRICT_PROTOTYPES = YES;
				CLANG_WARN_SUSPICIOUS_MOVE = YES;
				CLANG_WARN_UNGUARDED_AVAILABILITY = YES_AGGRESSIVE;
				CLANG_WARN_UNREACHABLE_CODE = YES;
				CLANG_WARN__DUPLICATE_METHOD_MATCH = YES;
				COPY_PHASE_STRIP = NO;
				DEBUG_INFORMATION_FORMAT = "dwarf-with-dsym";
				ENABLE_NS_ASSERTIONS = NO;
				ENABLE_STRICT_OBJC_MSGSEND = YES;
				GCC_C_LANGUAGE_STANDARD = gnu11;
				GCC_NO_COMMON_BLOCKS = YES;
				GCC_WARN_64_TO_32_BIT_CONVERSION = YES;
				GCC_WARN_ABOUT_RETURN_TYPE = YES_ERROR;
				GCC_WARN_UNDECLARED_SELECTOR = YES;
				GCC_WARN_UNINITIALIZED_AUTOS = YES_AGGRESSIVE;
				GCC_WARN_UNUSED_FUNCTION = YES;
				GCC_WARN_UNUSED_VARIABLE = YES;
				IPHONEOS_DEPLOYMENT_TARGET = 14.0;
				MTL_ENABLE_DEBUG_INFO = NO;
				MTL_FAST_MATH = YES;
				SDKROOT = iphoneos;
				SWIFT_COMPILATION_MODE = wholemodule;
				SWIFT_OPTIMIZATION_LEVEL = "-O";
				VALIDATE_PRODUCT = YES;
			};
			name = Release;
		};
		14EB6C272A933DB4006990BE /* Debug */ = {
			isa = XCBuildConfiguration;
			baseConfigurationReference = B46CE4E39531D58C8E413803 /* Pods-TactileMap.debug.xcconfig */;
			buildSettings = {
				ASSETCATALOG_COMPILER_APPICON_NAME = AppIcon;
				ASSETCATALOG_COMPILER_GLOBAL_ACCENT_COLOR_NAME = AccentColor;
				CODE_SIGN_STYLE = Automatic;
				CURRENT_PROJECT_VERSION = 1;
				DEVELOPMENT_TEAM = 5VA65MHU77;
				GENERATE_INFOPLIST_FILE = YES;
				INFOPLIST_FILE = TactileMap/Info.plist;
				INFOPLIST_KEY_UIApplicationSupportsIndirectInputEvents = YES;
				INFOPLIST_KEY_UILaunchStoryboardName = LaunchScreen;
				INFOPLIST_KEY_UIRequiresFullScreen = NO;
				INFOPLIST_KEY_UISupportedInterfaceOrientations = "UIInterfaceOrientationLandscapeLeft UIInterfaceOrientationLandscapeRight";
				INFOPLIST_KEY_UISupportedInterfaceOrientations_iPad = "UIInterfaceOrientationLandscapeRight UIInterfaceOrientationLandscapeLeft";
				INFOPLIST_KEY_UISupportedInterfaceOrientations_iPhone = "UIInterfaceOrientationLandscapeLeft UIInterfaceOrientationLandscapeRight";
				IPHONEOS_DEPLOYMENT_TARGET = 14.0;
				LD_RUNPATH_SEARCH_PATHS = (
					"$(inherited)",
					"@executable_path/Frameworks",
				);
				MARKETING_VERSION = 1.0;
				PRODUCT_BUNDLE_IDENTIFIER = tw.com.visionsecurity.swdept3.TactileMap;
				PRODUCT_NAME = "$(TARGET_NAME)";
				SUPPORTED_PLATFORMS = "iphoneos iphonesimulator";
				SUPPORTS_MACCATALYST = NO;
				SUPPORTS_MAC_DESIGNED_FOR_IPHONE_IPAD = NO;
				SWIFT_EMIT_LOC_STRINGS = YES;
				SWIFT_VERSION = 5.0;
				TARGETED_DEVICE_FAMILY = "1,2";
			};
			name = Debug;
		};
		14EB6C282A933DB4006990BE /* Release */ = {
			isa = XCBuildConfiguration;
			baseConfigurationReference = D3A13F1AAEEBA3BDF4819406 /* Pods-TactileMap.release.xcconfig */;
			buildSettings = {
				ASSETCATALOG_COMPILER_APPICON_NAME = AppIcon;
				ASSETCATALOG_COMPILER_GLOBAL_ACCENT_COLOR_NAME = AccentColor;
				CODE_SIGN_STYLE = Automatic;
				CURRENT_PROJECT_VERSION = 1;
				DEVELOPMENT_TEAM = 5VA65MHU77;
				GENERATE_INFOPLIST_FILE = YES;
				INFOPLIST_FILE = TactileMap/Info.plist;
				INFOPLIST_KEY_UIApplicationSupportsIndirectInputEvents = YES;
				INFOPLIST_KEY_UILaunchStoryboardName = LaunchScreen;
				INFOPLIST_KEY_UIRequiresFullScreen = NO;
				INFOPLIST_KEY_UISupportedInterfaceOrientations = "UIInterfaceOrientationLandscapeLeft UIInterfaceOrientationLandscapeRight";
				INFOPLIST_KEY_UISupportedInterfaceOrientations_iPad = "UIInterfaceOrientationLandscapeRight UIInterfaceOrientationLandscapeLeft";
				INFOPLIST_KEY_UISupportedInterfaceOrientations_iPhone = "UIInterfaceOrientationLandscapeLeft UIInterfaceOrientationLandscapeRight";
				IPHONEOS_DEPLOYMENT_TARGET = 14.0;
				LD_RUNPATH_SEARCH_PATHS = (
					"$(inherited)",
					"@executable_path/Frameworks",
				);
				MARKETING_VERSION = 1.0;
				PRODUCT_BUNDLE_IDENTIFIER = tw.com.visionsecurity.swdept3.TactileMap;
				PRODUCT_NAME = "$(TARGET_NAME)";
				SUPPORTED_PLATFORMS = "iphoneos iphonesimulator";
				SUPPORTS_MACCATALYST = NO;
				SUPPORTS_MAC_DESIGNED_FOR_IPHONE_IPAD = NO;
				SWIFT_EMIT_LOC_STRINGS = YES;
				SWIFT_VERSION = 5.0;
				TARGETED_DEVICE_FAMILY = "1,2";
			};
			name = Release;
		};
		14EB6C2A2A933DB4006990BE /* Debug */ = {
			isa = XCBuildConfiguration;
			baseConfigurationReference = D00E1B5AEE01E2F2BABD8236 /* Pods-TactileMapTests.debug.xcconfig */;
			buildSettings = {
				ALWAYS_EMBED_SWIFT_STANDARD_LIBRARIES = YES;
				BUNDLE_LOADER = "$(TEST_HOST)";
				CODE_SIGN_STYLE = Automatic;
				CURRENT_PROJECT_VERSION = 1;
				DEVELOPMENT_TEAM = 5VA65MHU77;
				GENERATE_INFOPLIST_FILE = YES;
				IPHONEOS_DEPLOYMENT_TARGET = 13.2;
				MARKETING_VERSION = 1.0;
				PRODUCT_BUNDLE_IDENTIFIER = tw.com.visionsecurity.swdept3.TactileMapTests;
				PRODUCT_NAME = "$(TARGET_NAME)";
				SWIFT_EMIT_LOC_STRINGS = NO;
				SWIFT_VERSION = 5.0;
				TARGETED_DEVICE_FAMILY = "1,2";
				TEST_HOST = "$(BUILT_PRODUCTS_DIR)/TactileMap.app/$(BUNDLE_EXECUTABLE_FOLDER_PATH)/TactileMap";
			};
			name = Debug;
		};
		14EB6C2B2A933DB4006990BE /* Release */ = {
			isa = XCBuildConfiguration;
			baseConfigurationReference = 2DF67D921E7EC42F874332A4 /* Pods-TactileMapTests.release.xcconfig */;
			buildSettings = {
				ALWAYS_EMBED_SWIFT_STANDARD_LIBRARIES = YES;
				BUNDLE_LOADER = "$(TEST_HOST)";
				CODE_SIGN_STYLE = Automatic;
				CURRENT_PROJECT_VERSION = 1;
				DEVELOPMENT_TEAM = 5VA65MHU77;
				GENERATE_INFOPLIST_FILE = YES;
				IPHONEOS_DEPLOYMENT_TARGET = 13.2;
				MARKETING_VERSION = 1.0;
				PRODUCT_BUNDLE_IDENTIFIER = tw.com.visionsecurity.swdept3.TactileMapTests;
				PRODUCT_NAME = "$(TARGET_NAME)";
				SWIFT_EMIT_LOC_STRINGS = NO;
				SWIFT_VERSION = 5.0;
				TARGETED_DEVICE_FAMILY = "1,2";
				TEST_HOST = "$(BUILT_PRODUCTS_DIR)/TactileMap.app/$(BUNDLE_EXECUTABLE_FOLDER_PATH)/TactileMap";
			};
			name = Release;
		};
		14EB6C2D2A933DB4006990BE /* Debug */ = {
			isa = XCBuildConfiguration;
			baseConfigurationReference = E6DE7297685BDBB7FAC1301E /* Pods-TactileMap-TactileMapUITests.debug.xcconfig */;
			buildSettings = {
				ALWAYS_EMBED_SWIFT_STANDARD_LIBRARIES = YES;
				CODE_SIGN_STYLE = Automatic;
				CURRENT_PROJECT_VERSION = 1;
				DEVELOPMENT_TEAM = 5VA65MHU77;
				GENERATE_INFOPLIST_FILE = YES;
				MARKETING_VERSION = 1.0;
				PRODUCT_BUNDLE_IDENTIFIER = tw.com.visionsecurity.swdept3.TactileMapUITests;
				PRODUCT_NAME = "$(TARGET_NAME)";
				SWIFT_EMIT_LOC_STRINGS = NO;
				SWIFT_VERSION = 5.0;
				TARGETED_DEVICE_FAMILY = "1,2";
				TEST_TARGET_NAME = TactileMap;
			};
			name = Debug;
		};
		14EB6C2E2A933DB4006990BE /* Release */ = {
			isa = XCBuildConfiguration;
			baseConfigurationReference = 625BDE250D9443AC9AB03CDE /* Pods-TactileMap-TactileMapUITests.release.xcconfig */;
			buildSettings = {
				ALWAYS_EMBED_SWIFT_STANDARD_LIBRARIES = YES;
				CODE_SIGN_STYLE = Automatic;
				CURRENT_PROJECT_VERSION = 1;
				DEVELOPMENT_TEAM = 5VA65MHU77;
				GENERATE_INFOPLIST_FILE = YES;
				MARKETING_VERSION = 1.0;
				PRODUCT_BUNDLE_IDENTIFIER = tw.com.visionsecurity.swdept3.TactileMapUITests;
				PRODUCT_NAME = "$(TARGET_NAME)";
				SWIFT_EMIT_LOC_STRINGS = NO;
				SWIFT_VERSION = 5.0;
				TARGETED_DEVICE_FAMILY = "1,2";
				TEST_TARGET_NAME = TactileMap;
			};
			name = Release;
		};
/* End XCBuildConfiguration section */

/* Begin XCConfigurationList section */
		14EB6BF42A933DB2006990BE /* Build configuration list for PBXProject "TactileMap" */ = {
			isa = XCConfigurationList;
			buildConfigurations = (
				14EB6C242A933DB4006990BE /* Debug */,
				14EB6C252A933DB4006990BE /* Release */,
			);
			defaultConfigurationIsVisible = 0;
			defaultConfigurationName = Release;
		};
		14EB6C262A933DB4006990BE /* Build configuration list for PBXNativeTarget "TactileMap" */ = {
			isa = XCConfigurationList;
			buildConfigurations = (
				14EB6C272A933DB4006990BE /* Debug */,
				14EB6C282A933DB4006990BE /* Release */,
			);
			defaultConfigurationIsVisible = 0;
			defaultConfigurationName = Release;
		};
		14EB6C292A933DB4006990BE /* Build configuration list for PBXNativeTarget "TactileMapTests" */ = {
			isa = XCConfigurationList;
			buildConfigurations = (
				14EB6C2A2A933DB4006990BE /* Debug */,
				14EB6C2B2A933DB4006990BE /* Release */,
			);
			defaultConfigurationIsVisible = 0;
			defaultConfigurationName = Release;
		};
		14EB6C2C2A933DB4006990BE /* Build configuration list for PBXNativeTarget "TactileMapUITests" */ = {
			isa = XCConfigurationList;
			buildConfigurations = (
				14EB6C2D2A933DB4006990BE /* Debug */,
				14EB6C2E2A933DB4006990BE /* Release */,
			);
			defaultConfigurationIsVisible = 0;
			defaultConfigurationName = Release;
		};
/* End XCConfigurationList section */

/* Begin XCVersionGroup section */
		14EB6C052A933DB3006990BE /* TactileMap.xcdatamodeld */ = {
			isa = XCVersionGroup;
			children = (
				14EB6C062A933DB3006990BE /* TactileMap.xcdatamodel */,
			);
			currentVersion = 14EB6C062A933DB3006990BE /* TactileMap.xcdatamodel */;
			path = TactileMap.xcdatamodeld;
			sourceTree = "<group>";
			versionGroupType = wrapper.xcdatamodel;
		};
/* End XCVersionGroup section */
	};
	rootObject = 14EB6BF12A933DB2006990BE /* Project object */;
}
